// !$*UTF8*$!
{
	archiveVersion = 1;
	classes = {
	};
	objectVersion = 48;
	objects = {

/* Begin PBXBuildFile section */
		22B24C1D206CD6E9007D4E90 /* AppDelegate.swift in Sources */ = {isa = PBXBuildFile; fileRef = 22B24C1C206CD6E9007D4E90 /* AppDelegate.swift */; };
		22B24C1F206CD6E9007D4E90 /* ViewController.swift in Sources */ = {isa = PBXBuildFile; fileRef = 22B24C1E206CD6E9007D4E90 /* ViewController.swift */; };
		22B24C22206CD6E9007D4E90 /* Main.storyboard in Resources */ = {isa = PBXBuildFile; fileRef = 22B24C20206CD6E9007D4E90 /* Main.storyboard */; };
		22B24C25206CD6E9007D4E90 /* CFiPBAdMobBannerSwift.xcdatamodeld in Sources */ = {isa = PBXBuildFile; fileRef = 22B24C23206CD6E9007D4E90 /* CFiPBAdMobBannerSwift.xcdatamodeld */; };
		22B24C27206CD6E9007D4E90 /* Assets.xcassets in Resources */ = {isa = PBXBuildFile; fileRef = 22B24C26206CD6E9007D4E90 /* Assets.xcassets */; };
		22B24C2A206CD6E9007D4E90 /* LaunchScreen.storyboard in Resources */ = {isa = PBXBuildFile; fileRef = 22B24C28206CD6E9007D4E90 /* LaunchScreen.storyboard */; };
		22B24C35206CD6E9007D4E90 /* CFiPBAdMobBannerSwiftTests.swift in Sources */ = {isa = PBXBuildFile; fileRef = 22B24C34206CD6E9007D4E90 /* CFiPBAdMobBannerSwiftTests.swift */; };
		22B24C40206CD6E9007D4E90 /* CFiPBAdMobBannerSwiftUITests.swift in Sources */ = {isa = PBXBuildFile; fileRef = 22B24C3F206CD6E9007D4E90 /* CFiPBAdMobBannerSwiftUITests.swift */; };
		22B24D15206CDC2E007D4E90 /* iMFAD.framework in Frameworks */ = {isa = PBXBuildFile; fileRef = 22B24D14206CDC2D007D4E90 /* iMFAD.framework */; };
		22B24D16206CDC2E007D4E90 /* iMFAD.framework in Embed Frameworks */ = {isa = PBXBuildFile; fileRef = 22B24D14206CDC2D007D4E90 /* iMFAD.framework */; settings = {ATTRIBUTES = (CodeSignOnCopy, RemoveHeadersOnCopy, ); }; };
/* End PBXBuildFile section */

/* Begin PBXContainerItemProxy section */
		22B24C31206CD6E9007D4E90 /* PBXContainerItemProxy */ = {
			isa = PBXContainerItemProxy;
			containerPortal = 22B24C11206CD6E8007D4E90 /* Project object */;
			proxyType = 1;
			remoteGlobalIDString = 22B24C18206CD6E8007D4E90;
			remoteInfo = CFiPBAdMobBannerSwift;
		};
		22B24C3C206CD6E9007D4E90 /* PBXContainerItemProxy */ = {
			isa = PBXContainerItemProxy;
			containerPortal = 22B24C11206CD6E8007D4E90 /* Project object */;
			proxyType = 1;
			remoteGlobalIDString = 22B24C18206CD6E8007D4E90;
			remoteInfo = CFiPBAdMobBannerSwift;
		};
/* End PBXContainerItemProxy section */

/* Begin PBXCopyFilesBuildPhase section */
		22B24D17206CDC2E007D4E90 /* Embed Frameworks */ = {
			isa = PBXCopyFilesBuildPhase;
			buildActionMask = 2147483647;
			dstPath = "";
			dstSubfolderSpec = 10;
			files = (
				22B24D16206CDC2E007D4E90 /* iMFAD.framework in Embed Frameworks */,
			);
			name = "Embed Frameworks";
			runOnlyForDeploymentPostprocessing = 0;
		};
/* End PBXCopyFilesBuildPhase section */

/* Begin PBXFileReference section */
		22B24C19206CD6E8007D4E90 /* CFiPBAdMobBannerSwift.app */ = {isa = PBXFileReference; explicitFileType = wrapper.application; includeInIndex = 0; path = CFiPBAdMobBannerSwift.app; sourceTree = BUILT_PRODUCTS_DIR; };
		22B24C1C206CD6E9007D4E90 /* AppDelegate.swift */ = {isa = PBXFileReference; lastKnownFileType = sourcecode.swift; path = AppDelegate.swift; sourceTree = "<group>"; };
		22B24C1E206CD6E9007D4E90 /* ViewController.swift */ = {isa = PBXFileReference; lastKnownFileType = sourcecode.swift; path = ViewController.swift; sourceTree = "<group>"; };
		22B24C21206CD6E9007D4E90 /* Base */ = {isa = PBXFileReference; lastKnownFileType = file.storyboard; name = Base; path = Base.lproj/Main.storyboard; sourceTree = "<group>"; };
		22B24C24206CD6E9007D4E90 /* CFiPBAdMobBannerSwift.xcdatamodel */ = {isa = PBXFileReference; lastKnownFileType = wrapper.xcdatamodel; path = CFiPBAdMobBannerSwift.xcdatamodel; sourceTree = "<group>"; };
		22B24C26206CD6E9007D4E90 /* Assets.xcassets */ = {isa = PBXFileReference; lastKnownFileType = folder.assetcatalog; path = Assets.xcassets; sourceTree = "<group>"; };
		22B24C29206CD6E9007D4E90 /* Base */ = {isa = PBXFileReference; lastKnownFileType = file.storyboard; name = Base; path = Base.lproj/LaunchScreen.storyboard; sourceTree = "<group>"; };
		22B24C2B206CD6E9007D4E90 /* Info.plist */ = {isa = PBXFileReference; lastKnownFileType = text.plist.xml; path = Info.plist; sourceTree = "<group>"; };
		22B24C30206CD6E9007D4E90 /* CFiPBAdMobBannerSwiftTests.xctest */ = {isa = PBXFileReference; explicitFileType = wrapper.cfbundle; includeInIndex = 0; path = CFiPBAdMobBannerSwiftTests.xctest; sourceTree = BUILT_PRODUCTS_DIR; };
		22B24C34206CD6E9007D4E90 /* CFiPBAdMobBannerSwiftTests.swift */ = {isa = PBXFileReference; lastKnownFileType = sourcecode.swift; path = CFiPBAdMobBannerSwiftTests.swift; sourceTree = "<group>"; };
		22B24C36206CD6E9007D4E90 /* Info.plist */ = {isa = PBXFileReference; lastKnownFileType = text.plist.xml; path = Info.plist; sourceTree = "<group>"; };
		22B24C3B206CD6E9007D4E90 /* CFiPBAdMobBannerSwiftUITests.xctest */ = {isa = PBXFileReference; explicitFileType = wrapper.cfbundle; includeInIndex = 0; path = CFiPBAdMobBannerSwiftUITests.xctest; sourceTree = BUILT_PRODUCTS_DIR; };
		22B24C3F206CD6E9007D4E90 /* CFiPBAdMobBannerSwiftUITests.swift */ = {isa = PBXFileReference; lastKnownFileType = sourcecode.swift; path = CFiPBAdMobBannerSwiftUITests.swift; sourceTree = "<group>"; };
		22B24C41206CD6E9007D4E90 /* Info.plist */ = {isa = PBXFileReference; lastKnownFileType = text.plist.xml; path = Info.plist; sourceTree = "<group>"; };
		22B24D14206CDC2D007D4E90 /* iMFAD.framework */ = {isa = PBXFileReference; lastKnownFileType = wrapper.framework; path = iMFAD.framework; sourceTree = "<group>"; };
		22B24D18206CDC87007D4E90 /* CFiPBAdMobBannerSwift-Bridging-Header.h */ = {isa = PBXFileReference; lastKnownFileType = sourcecode.c.h; path = "CFiPBAdMobBannerSwift-Bridging-Header.h"; sourceTree = "<group>"; };
/* End PBXFileReference section */

/* Begin PBXFrameworksBuildPhase section */
		22B24C16206CD6E8007D4E90 /* Frameworks */ = {
			isa = PBXFrameworksBuildPhase;
			buildActionMask = 2147483647;
			files = (
				22B24D15206CDC2E007D4E90 /* iMFAD.framework in Frameworks */,
			);
			runOnlyForDeploymentPostprocessing = 0;
		};
		22B24C2D206CD6E9007D4E90 /* Frameworks */ = {
			isa = PBXFrameworksBuildPhase;
			buildActionMask = 2147483647;
			files = (
			);
			runOnlyForDeploymentPostprocessing = 0;
		};
		22B24C38206CD6E9007D4E90 /* Frameworks */ = {
			isa = PBXFrameworksBuildPhase;
			buildActionMask = 2147483647;
			files = (
			);
			runOnlyForDeploymentPostprocessing = 0;
		};
/* End PBXFrameworksBuildPhase section */

/* Begin PBXGroup section */
		22B24C10206CD6E8007D4E90 = {
			isa = PBXGroup;
			children = (
				22B24D14206CDC2D007D4E90 /* iMFAD.framework */,
				22B24C1B206CD6E8007D4E90 /* CFiPBAdMobBannerSwift */,
				22B24C33206CD6E9007D4E90 /* CFiPBAdMobBannerSwiftTests */,
				22B24C3E206CD6E9007D4E90 /* CFiPBAdMobBannerSwiftUITests */,
				22B24C1A206CD6E8007D4E90 /* Products */,
			);
			sourceTree = "<group>";
		};
		22B24C1A206CD6E8007D4E90 /* Products */ = {
			isa = PBXGroup;
			children = (
				22B24C19206CD6E8007D4E90 /* CFiPBAdMobBannerSwift.app */,
				22B24C30206CD6E9007D4E90 /* CFiPBAdMobBannerSwiftTests.xctest */,
				22B24C3B206CD6E9007D4E90 /* CFiPBAdMobBannerSwiftUITests.xctest */,
			);
			name = Products;
			sourceTree = "<group>";
		};
		22B24C1B206CD6E8007D4E90 /* CFiPBAdMobBannerSwift */ = {
			isa = PBXGroup;
			children = (
				22B24D18206CDC87007D4E90 /* CFiPBAdMobBannerSwift-Bridging-Header.h */,
				22B24C1C206CD6E9007D4E90 /* AppDelegate.swift */,
				22B24C1E206CD6E9007D4E90 /* ViewController.swift */,
				22B24C20206CD6E9007D4E90 /* Main.storyboard */,
				22B24C26206CD6E9007D4E90 /* Assets.xcassets */,
				22B24C28206CD6E9007D4E90 /* LaunchScreen.storyboard */,
				22B24C2B206CD6E9007D4E90 /* Info.plist */,
				22B24C23206CD6E9007D4E90 /* CFiPBAdMobBannerSwift.xcdatamodeld */,
			);
			path = CFiPBAdMobBannerSwift;
			sourceTree = "<group>";
		};
		22B24C33206CD6E9007D4E90 /* CFiPBAdMobBannerSwiftTests */ = {
			isa = PBXGroup;
			children = (
				22B24C34206CD6E9007D4E90 /* CFiPBAdMobBannerSwiftTests.swift */,
				22B24C36206CD6E9007D4E90 /* Info.plist */,
			);
			path = CFiPBAdMobBannerSwiftTests;
			sourceTree = "<group>";
		};
		22B24C3E206CD6E9007D4E90 /* CFiPBAdMobBannerSwiftUITests */ = {
			isa = PBXGroup;
			children = (
				22B24C3F206CD6E9007D4E90 /* CFiPBAdMobBannerSwiftUITests.swift */,
				22B24C41206CD6E9007D4E90 /* Info.plist */,
			);
			path = CFiPBAdMobBannerSwiftUITests;
			sourceTree = "<group>";
		};
/* End PBXGroup section */

/* Begin PBXNativeTarget section */
		22B24C18206CD6E8007D4E90 /* CFiPBAdMobBannerSwift */ = {
			isa = PBXNativeTarget;
			buildConfigurationList = 22B24C44206CD6E9007D4E90 /* Build configuration list for PBXNativeTarget "CFiPBAdMobBannerSwift" */;
			buildPhases = (
				22B24C15206CD6E8007D4E90 /* Sources */,
				22B24C16206CD6E8007D4E90 /* Frameworks */,
				22B24C17206CD6E8007D4E90 /* Resources */,
				22B24D17206CDC2E007D4E90 /* Embed Frameworks */,
			);
			buildRules = (
			);
			dependencies = (
			);
			name = CFiPBAdMobBannerSwift;
			productName = CFiPBAdMobBannerSwift;
			productReference = 22B24C19206CD6E8007D4E90 /* CFiPBAdMobBannerSwift.app */;
			productType = "com.apple.product-type.application";
		};
		22B24C2F206CD6E9007D4E90 /* CFiPBAdMobBannerSwiftTests */ = {
			isa = PBXNativeTarget;
			buildConfigurationList = 22B24C47206CD6E9007D4E90 /* Build configuration list for PBXNativeTarget "CFiPBAdMobBannerSwiftTests" */;
			buildPhases = (
				22B24C2C206CD6E9007D4E90 /* Sources */,
				22B24C2D206CD6E9007D4E90 /* Frameworks */,
				22B24C2E206CD6E9007D4E90 /* Resources */,
			);
			buildRules = (
			);
			dependencies = (
				22B24C32206CD6E9007D4E90 /* PBXTargetDependency */,
			);
			name = CFiPBAdMobBannerSwiftTests;
			productName = CFiPBAdMobBannerSwiftTests;
			productReference = 22B24C30206CD6E9007D4E90 /* CFiPBAdMobBannerSwiftTests.xctest */;
			productType = "com.apple.product-type.bundle.unit-test";
		};
		22B24C3A206CD6E9007D4E90 /* CFiPBAdMobBannerSwiftUITests */ = {
			isa = PBXNativeTarget;
			buildConfigurationList = 22B24C4A206CD6E9007D4E90 /* Build configuration list for PBXNativeTarget "CFiPBAdMobBannerSwiftUITests" */;
			buildPhases = (
				22B24C37206CD6E9007D4E90 /* Sources */,
				22B24C38206CD6E9007D4E90 /* Frameworks */,
				22B24C39206CD6E9007D4E90 /* Resources */,
			);
			buildRules = (
			);
			dependencies = (
				22B24C3D206CD6E9007D4E90 /* PBXTargetDependency */,
			);
			name = CFiPBAdMobBannerSwiftUITests;
			productName = CFiPBAdMobBannerSwiftUITests;
			productReference = 22B24C3B206CD6E9007D4E90 /* CFiPBAdMobBannerSwiftUITests.xctest */;
			productType = "com.apple.product-type.bundle.ui-testing";
		};
/* End PBXNativeTarget section */

/* Begin PBXProject section */
		22B24C11206CD6E8007D4E90 /* Project object */ = {
			isa = PBXProject;
			attributes = {
				LastSwiftUpdateCheck = 0920;
				LastUpgradeCheck = 0920;
				ORGANIZATIONNAME = cf;
				TargetAttributes = {
					22B24C18206CD6E8007D4E90 = {
						CreatedOnToolsVersion = 9.2;
						ProvisioningStyle = Automatic;
					};
					22B24C2F206CD6E9007D4E90 = {
						CreatedOnToolsVersion = 9.2;
						ProvisioningStyle = Automatic;
						TestTargetID = 22B24C18206CD6E8007D4E90;
					};
					22B24C3A206CD6E9007D4E90 = {
						CreatedOnToolsVersion = 9.2;
						ProvisioningStyle = Automatic;
						TestTargetID = 22B24C18206CD6E8007D4E90;
					};
				};
			};
			buildConfigurationList = 22B24C14206CD6E8007D4E90 /* Build configuration list for PBXProject "CFiPBAdMobBannerSwift" */;
			compatibilityVersion = "Xcode 8.0";
			developmentRegion = en;
			hasScannedForEncodings = 0;
			knownRegions = (
				en,
				Base,
			);
			mainGroup = 22B24C10206CD6E8007D4E90;
			productRefGroup = 22B24C1A206CD6E8007D4E90 /* Products */;
			projectDirPath = "";
			projectRoot = "";
			targets = (
				22B24C18206CD6E8007D4E90 /* CFiPBAdMobBannerSwift */,
				22B24C2F206CD6E9007D4E90 /* CFiPBAdMobBannerSwiftTests */,
				22B24C3A206CD6E9007D4E90 /* CFiPBAdMobBannerSwiftUITests */,
			);
		};
/* End PBXProject section */

/* Begin PBXResourcesBuildPhase section */
		22B24C17206CD6E8007D4E90 /* Resources */ = {
			isa = PBXResourcesBuildPhase;
			buildActionMask = 2147483647;
			files = (
				22B24C2A206CD6E9007D4E90 /* LaunchScreen.storyboard in Resources */,
				22B24C27206CD6E9007D4E90 /* Assets.xcassets in Resources */,
				22B24C22206CD6E9007D4E90 /* Main.storyboard in Resources */,
			);
			runOnlyForDeploymentPostprocessing = 0;
		};
		22B24C2E206CD6E9007D4E90 /* Resources */ = {
			isa = PBXResourcesBuildPhase;
			buildActionMask = 2147483647;
			files = (
			);
			runOnlyForDeploymentPostprocessing = 0;
		};
		22B24C39206CD6E9007D4E90 /* Resources */ = {
			isa = PBXResourcesBuildPhase;
			buildActionMask = 2147483647;
			files = (
			);
			runOnlyForDeploymentPostprocessing = 0;
		};
/* End PBXResourcesBuildPhase section */

/* Begin PBXSourcesBuildPhase section */
		22B24C15206CD6E8007D4E90 /* Sources */ = {
			isa = PBXSourcesBuildPhase;
			buildActionMask = 2147483647;
			files = (
				22B24C25206CD6E9007D4E90 /* CFiPBAdMobBannerSwift.xcdatamodeld in Sources */,
				22B24C1F206CD6E9007D4E90 /* ViewController.swift in Sources */,
				22B24C1D206CD6E9007D4E90 /* AppDelegate.swift in Sources */,
			);
			runOnlyForDeploymentPostprocessing = 0;
		};
		22B24C2C206CD6E9007D4E90 /* Sources */ = {
			isa = PBXSourcesBuildPhase;
			buildActionMask = 2147483647;
			files = (
				22B24C35206CD6E9007D4E90 /* CFiPBAdMobBannerSwiftTests.swift in Sources */,
			);
			runOnlyForDeploymentPostprocessing = 0;
		};
		22B24C37206CD6E9007D4E90 /* Sources */ = {
			isa = PBXSourcesBuildPhase;
			buildActionMask = 2147483647;
			files = (
				22B24C40206CD6E9007D4E90 /* CFiPBAdMobBannerSwiftUITests.swift in Sources */,
			);
			runOnlyForDeploymentPostprocessing = 0;
		};
/* End PBXSourcesBuildPhase section */

/* Begin PBXTargetDependency section */
		22B24C32206CD6E9007D4E90 /* PBXTargetDependency */ = {
			isa = PBXTargetDependency;
			target = 22B24C18206CD6E8007D4E90 /* CFiPBAdMobBannerSwift */;
			targetProxy = 22B24C31206CD6E9007D4E90 /* PBXContainerItemProxy */;
		};
		22B24C3D206CD6E9007D4E90 /* PBXTargetDependency */ = {
			isa = PBXTargetDependency;
			target = 22B24C18206CD6E8007D4E90 /* CFiPBAdMobBannerSwift */;
			targetProxy = 22B24C3C206CD6E9007D4E90 /* PBXContainerItemProxy */;
		};
/* End PBXTargetDependency section */

/* Begin PBXVariantGroup section */
		22B24C20206CD6E9007D4E90 /* Main.storyboard */ = {
			isa = PBXVariantGroup;
			children = (
				22B24C21206CD6E9007D4E90 /* Base */,
			);
			name = Main.storyboard;
			sourceTree = "<group>";
		};
		22B24C28206CD6E9007D4E90 /* LaunchScreen.storyboard */ = {
			isa = PBXVariantGroup;
			children = (
				22B24C29206CD6E9007D4E90 /* Base */,
			);
			name = LaunchScreen.storyboard;
			sourceTree = "<group>";
		};
/* End PBXVariantGroup section */

/* Begin XCBuildConfiguration section */
		22B24C42206CD6E9007D4E90 /* Debug */ = {
			isa = XCBuildConfiguration;
			buildSettings = {
				ALWAYS_SEARCH_USER_PATHS = NO;
				CLANG_ANALYZER_NONNULL = YES;
				CLANG_ANALYZER_NUMBER_OBJECT_CONVERSION = YES_AGGRESSIVE;
				CLANG_CXX_LANGUAGE_STANDARD = "gnu++14";
				CLANG_CXX_LIBRARY = "libc++";
				CLANG_ENABLE_MODULES = YES;
				CLANG_ENABLE_OBJC_ARC = YES;
				CLANG_WARN_BLOCK_CAPTURE_AUTORELEASING = YES;
				CLANG_WARN_BOOL_CONVERSION = YES;
				CLANG_WARN_COMMA = YES;
				CLANG_WARN_CONSTANT_CONVERSION = YES;
				CLANG_WARN_DIRECT_OBJC_ISA_USAGE = YES_ERROR;
				CLANG_WARN_DOCUMENTATION_COMMENTS = YES;
				CLANG_WARN_EMPTY_BODY = YES;
				CLANG_WARN_ENUM_CONVERSION = YES;
				CLANG_WARN_INFINITE_RECURSION = YES;
				CLANG_WARN_INT_CONVERSION = YES;
				CLANG_WARN_NON_LITERAL_NULL_CONVERSION = YES;
				CLANG_WARN_OBJC_LITERAL_CONVERSION = YES;
				CLANG_WARN_OBJC_ROOT_CLASS = YES_ERROR;
				CLANG_WARN_RANGE_LOOP_ANALYSIS = YES;
				CLANG_WARN_STRICT_PROTOTYPES = YES;
				CLANG_WARN_SUSPICIOUS_MOVE = YES;
				CLANG_WARN_UNGUARDED_AVAILABILITY = YES_AGGRESSIVE;
				CLANG_WARN_UNREACHABLE_CODE = YES;
				CLANG_WARN__DUPLICATE_METHOD_MATCH = YES;
				CODE_SIGN_IDENTITY = "iPhone Developer";
				COPY_PHASE_STRIP = NO;
				DEBUG_INFORMATION_FORMAT = dwarf;
				ENABLE_STRICT_OBJC_MSGSEND = YES;
				ENABLE_TESTABILITY = YES;
				GCC_C_LANGUAGE_STANDARD = gnu11;
				GCC_DYNAMIC_NO_PIC = NO;
				GCC_NO_COMMON_BLOCKS = YES;
				GCC_OPTIMIZATION_LEVEL = 0;
				GCC_PREPROCESSOR_DEFINITIONS = (
					"DEBUG=1",
					"$(inherited)",
				);
				GCC_WARN_64_TO_32_BIT_CONVERSION = YES;
				GCC_WARN_ABOUT_RETURN_TYPE = YES_ERROR;
				GCC_WARN_UNDECLARED_SELECTOR = YES;
				GCC_WARN_UNINITIALIZED_AUTOS = YES_AGGRESSIVE;
				GCC_WARN_UNUSED_FUNCTION = YES;
				GCC_WARN_UNUSED_VARIABLE = YES;
				IPHONEOS_DEPLOYMENT_TARGET = 11.2;
				MTL_ENABLE_DEBUG_INFO = YES;
				ONLY_ACTIVE_ARCH = YES;
				SDKROOT = iphoneos;
				SWIFT_ACTIVE_COMPILATION_CONDITIONS = DEBUG;
				SWIFT_OPTIMIZATION_LEVEL = "-Onone";
			};
			name = Debug;
		};
		22B24C43206CD6E9007D4E90 /* Release */ = {
			isa = XCBuildConfiguration;
			buildSettings = {
				ALWAYS_SEARCH_USER_PATHS = NO;
				CLANG_ANALYZER_NONNULL = YES;
				CLANG_ANALYZER_NUMBER_OBJECT_CONVERSION = YES_AGGRESSIVE;
				CLANG_CXX_LANGUAGE_STANDARD = "gnu++14";
				CLANG_CXX_LIBRARY = "libc++";
				CLANG_ENABLE_MODULES = YES;
				CLANG_ENABLE_OBJC_ARC = YES;
				CLANG_WARN_BLOCK_CAPTURE_AUTORELEASING = YES;
				CLANG_WARN_BOOL_CONVERSION = YES;
				CLANG_WARN_COMMA = YES;
				CLANG_WARN_CONSTANT_CONVERSION = YES;
				CLANG_WARN_DIRECT_OBJC_ISA_USAGE = YES_ERROR;
				CLANG_WARN_DOCUMENTATION_COMMENTS = YES;
				CLANG_WARN_EMPTY_BODY = YES;
				CLANG_WARN_ENUM_CONVERSION = YES;
				CLANG_WARN_INFINITE_RECURSION = YES;
				CLANG_WARN_INT_CONVERSION = YES;
				CLANG_WARN_NON_LITERAL_NULL_CONVERSION = YES;
				CLANG_WARN_OBJC_LITERAL_CONVERSION = YES;
				CLANG_WARN_OBJC_ROOT_CLASS = YES_ERROR;
				CLANG_WARN_RANGE_LOOP_ANALYSIS = YES;
				CLANG_WARN_STRICT_PROTOTYPES = YES;
				CLANG_WARN_SUSPICIOUS_MOVE = YES;
				CLANG_WARN_UNGUARDED_AVAILABILITY = YES_AGGRESSIVE;
				CLANG_WARN_UNREACHABLE_CODE = YES;
				CLANG_WARN__DUPLICATE_METHOD_MATCH = YES;
				CODE_SIGN_IDENTITY = "iPhone Developer";
				COPY_PHASE_STRIP = NO;
				DEBUG_INFORMATION_FORMAT = "dwarf-with-dsym";
				ENABLE_NS_ASSERTIONS = NO;
				ENABLE_STRICT_OBJC_MSGSEND = YES;
				GCC_C_LANGUAGE_STANDARD = gnu11;
				GCC_NO_COMMON_BLOCKS = YES;
				GCC_WARN_64_TO_32_BIT_CONVERSION = YES;
				GCC_WARN_ABOUT_RETURN_TYPE = YES_ERROR;
				GCC_WARN_UNDECLARED_SELECTOR = YES;
				GCC_WARN_UNINITIALIZED_AUTOS = YES_AGGRESSIVE;
				GCC_WARN_UNUSED_FUNCTION = YES;
				GCC_WARN_UNUSED_VARIABLE = YES;
				IPHONEOS_DEPLOYMENT_TARGET = 11.2;
				MTL_ENABLE_DEBUG_INFO = NO;
				SDKROOT = iphoneos;
				SWIFT_OPTIMIZATION_LEVEL = "-Owholemodule";
				VALIDATE_PRODUCT = YES;
			};
			name = Release;
		};
		22B24C45206CD6E9007D4E90 /* Debug */ = {
			isa = XCBuildConfiguration;
			buildSettings = {
				ASSETCATALOG_COMPILER_APPICON_NAME = AppIcon;
				CODE_SIGN_STYLE = Automatic;
				DEFINES_MODULE = YES;
				DEVELOPMENT_TEAM = "";
				FRAMEWORK_SEARCH_PATHS = (
					"$(inherited)",
					"$(PROJECT_DIR)",
				);
				INFOPLIST_FILE = CFiPBAdMobBannerSwift/Info.plist;
				IPHONEOS_DEPLOYMENT_TARGET = 10.3;
				LD_RUNPATH_SEARCH_PATHS = "$(inherited) @executable_path/Frameworks";
				OTHER_LDFLAGS = (
					"-ObjC",
					"-all_load",
				);
				PRODUCT_BUNDLE_IDENTIFIER = com.cf.CFiPBAdMobBannerSwift;
				PRODUCT_NAME = "$(TARGET_NAME)";
				SWIFT_OBJC_BRIDGING_HEADER = "$(SRCROOT)/CFiPBAdMobBannerSwift/CFiPBAdMobBannerSwift-Bridging-Header.h";
				SWIFT_VERSION = 4.0;
				TARGETED_DEVICE_FAMILY = "1,2";
			};
			name = Debug;
		};
		22B24C46206CD6E9007D4E90 /* Release */ = {
			isa = XCBuildConfiguration;
			buildSettings = {
				ASSETCATALOG_COMPILER_APPICON_NAME = AppIcon;
				CODE_SIGN_STYLE = Automatic;
				DEFINES_MODULE = YES;
				DEVELOPMENT_TEAM = "";
				FRAMEWORK_SEARCH_PATHS = (
					"$(inherited)",
					"$(PROJECT_DIR)",
				);
				INFOPLIST_FILE = CFiPBAdMobBannerSwift/Info.plist;
				IPHONEOS_DEPLOYMENT_TARGET = 10.3;
				LD_RUNPATH_SEARCH_PATHS = "$(inherited) @executable_path/Frameworks";
				OTHER_LDFLAGS = (
					"-ObjC",
					"-all_load",
				);
				PRODUCT_BUNDLE_IDENTIFIER = com.cf.CFiPBAdMobBannerSwift;
				PRODUCT_NAME = "$(TARGET_NAME)";
				SWIFT_OBJC_BRIDGING_HEADER = "$(SRCROOT)/CFiPBAdMobBannerSwift/CFiPBAdMobBannerSwift-Bridging-Header.h";
				SWIFT_VERSION = 4.0;
				TARGETED_DEVICE_FAMILY = "1,2";
			};
			name = Release;
		};
		22B24C48206CD6E9007D4E90 /* Debug */ = {
			isa = XCBuildConfiguration;
			buildSettings = {
				ALWAYS_EMBED_SWIFT_STANDARD_LIBRARIES = YES;
				BUNDLE_LOADER = "$(TEST_HOST)";
				CODE_SIGN_STYLE = Automatic;
				INFOPLIST_FILE = CFiPBAdMobBannerSwiftTests/Info.plist;
				LD_RUNPATH_SEARCH_PATHS = "$(inherited) @executable_path/Frameworks @loader_path/Frameworks";
				PRODUCT_BUNDLE_IDENTIFIER = com.cf.CFiPBAdMobBannerSwiftTests;
				PRODUCT_NAME = "$(TARGET_NAME)";
				SWIFT_VERSION = 4.0;
				TARGETED_DEVICE_FAMILY = "1,2";
				TEST_HOST = "$(BUILT_PRODUCTS_DIR)/CFiPBAdMobBannerSwift.app/CFiPBAdMobBannerSwift";
			};
			name = Debug;
		};
		22B24C49206CD6E9007D4E90 /* Release */ = {
			isa = XCBuildConfiguration;
			buildSettings = {
				ALWAYS_EMBED_SWIFT_STANDARD_LIBRARIES = YES;
				BUNDLE_LOADER = "$(TEST_HOST)";
				CODE_SIGN_STYLE = Automatic;
				INFOPLIST_FILE = CFiPBAdMobBannerSwiftTests/Info.plist;
				LD_RUNPATH_SEARCH_PATHS = "$(inherited) @executable_path/Frameworks @loader_path/Frameworks";
				PRODUCT_BUNDLE_IDENTIFIER = com.cf.CFiPBAdMobBannerSwiftTests;
				PRODUCT_NAME = "$(TARGET_NAME)";
				SWIFT_VERSION = 4.0;
				TARGETED_DEVICE_FAMILY = "1,2";
				TEST_HOST = "$(BUILT_PRODUCTS_DIR)/CFiPBAdMobBannerSwift.app/CFiPBAdMobBannerSwift";
			};
			name = Release;
		};
		22B24C4B206CD6E9007D4E90 /* Debug */ = {
			isa = XCBuildConfiguration;
			buildSettings = {
				ALWAYS_EMBED_SWIFT_STANDARD_LIBRARIES = YES;
				CODE_SIGN_STYLE = Automatic;
				INFOPLIST_FILE = CFiPBAdMobBannerSwiftUITests/Info.plist;
				LD_RUNPATH_SEARCH_PATHS = "$(inherited) @executable_path/Frameworks @loader_path/Frameworks";
				PRODUCT_BUNDLE_IDENTIFIER = com.cf.CFiPBAdMobBannerSwiftUITests;
				PRODUCT_NAME = "$(TARGET_NAME)";
				SWIFT_VERSION = 4.0;
				TARGETED_DEVICE_FAMILY = "1,2";
				TEST_TARGET_NAME = CFiPBAdMobBannerSwift;
			};
			name = Debug;
		};
		22B24C4C206CD6E9007D4E90 /* Release */ = {
			isa = XCBuildConfiguration;
			buildSettings = {
				ALWAYS_EMBED_SWIFT_STANDARD_LIBRARIES = YES;
				CODE_SIGN_STYLE = Automatic;
				INFOPLIST_FILE = CFiPBAdMobBannerSwiftUITests/Info.plist;
				LD_RUNPATH_SEARCH_PATHS = "$(inherited) @executable_path/Frameworks @loader_path/Frameworks";
				PRODUCT_BUNDLE_IDENTIFIER = com.cf.CFiPBAdMobBannerSwiftUITests;
				PRODUCT_NAME = "$(TARGET_NAME)";
				SWIFT_VERSION = 4.0;
				TARGETED_DEVICE_FAMILY = "1,2";
				TEST_TARGET_NAME = CFiPBAdMobBannerSwift;
			};
			name = Release;
		};
/* End XCBuildConfiguration section */

/* Begin XCConfigurationList section */
		22B24C14206CD6E8007D4E90 /* Build configuration list for PBXProject "CFiPBAdMobBannerSwift" */ = {
			isa = XCConfigurationList;
			buildConfigurations = (
				22B24C42206CD6E9007D4E90 /* Debug */,
				22B24C43206CD6E9007D4E90 /* Release */,
			);
			defaultConfigurationIsVisible = 0;
			defaultConfigurationName = Release;
		};
		22B24C44206CD6E9007D4E90 /* Build configuration list for PBXNativeTarget "CFiPBAdMobBannerSwift" */ = {
			isa = XCConfigurationList;
			buildConfigurations = (
				22B24C45206CD6E9007D4E90 /* Debug */,
				22B24C46206CD6E9007D4E90 /* Release */,
			);
			defaultConfigurationIsVisible = 0;
			defaultConfigurationName = Release;
		};
		22B24C47206CD6E9007D4E90 /* Build configuration list for PBXNativeTarget "CFiPBAdMobBannerSwiftTests" */ = {
			isa = XCConfigurationList;
			buildConfigurations = (
				22B24C48206CD6E9007D4E90 /* Debug */,
				22B24C49206CD6E9007D4E90 /* Release */,
			);
			defaultConfigurationIsVisible = 0;
			defaultConfigurationName = Release;
		};
		22B24C4A206CD6E9007D4E90 /* Build configuration list for PBXNativeTarget "CFiPBAdMobBannerSwiftUITests" */ = {
			isa = XCConfigurationList;
			buildConfigurations = (
				22B24C4B206CD6E9007D4E90 /* Debug */,
				22B24C4C206CD6E9007D4E90 /* Release */,
			);
			defaultConfigurationIsVisible = 0;
			defaultConfigurationName = Release;
		};
/* End XCConfigurationList section */

/* Begin XCVersionGroup section */
		22B24C23206CD6E9007D4E90 /* CFiPBAdMobBannerSwift.xcdatamodeld */ = {
			isa = XCVersionGroup;
			children = (
				22B24C24206CD6E9007D4E90 /* CFiPBAdMobBannerSwift.xcdatamodel */,
			);
			currentVersion = 22B24C24206CD6E9007D4E90 /* CFiPBAdMobBannerSwift.xcdatamodel */;
			path = CFiPBAdMobBannerSwift.xcdatamodeld;
			sourceTree = "<group>";
			versionGroupType = wrapper.xcdatamodel;
		};
/* End XCVersionGroup section */
	};
	rootObject = 22B24C11206CD6E8007D4E90 /* Project object */;
}
